
Microsoft Visual Studio Solution File, Format Version 12.00
# Visual Studio Version 17
VisualStudioVersion = 17.12.35527.113 d17.12
MinimumVisualStudioVersion = 10.0.40219.1
Project("{FAE04EC0-301F-11D3-BF4B-00C04F79EFBC}") = "PrendeckOddments", "PrendeckOddments.csproj", "{A895A9B4-2D54-4E57-9EBF-1AE4A30B3864}"
EndProject
Global
	GlobalSection(SolutionConfigurationPlatforms) = preSolution
		Debug|Any CPU = Debug|Any CPU
		Release|Any CPU = Release|Any CPU
	EndGlobalSection
	GlobalSection(ProjectConfigurationPlatforms) = postSolution
		{A895A9B4-2D54-4E57-9EBF-1AE4A30B3864}.Debug|Any CPU.ActiveCfg = Debug|Any CPU
		{A895A9B4-2D54-4E57-9EBF-1AE4A30B3864}.Debug|Any CPU.Build.0 = Debug|Any CPU
		{A895A9B4-2D54-4E57-9EBF-1AE4A30B3864}.Release|Any CPU.ActiveCfg = Release|Any CPU
		{A895A9B4-2D54-4E57-9EBF-1AE4A30B3864}.Release|Any CPU.Build.0 = Release|Any CPU
	EndGlobalSection
	GlobalSection(SolutionProperties) = preSolution
		HideSolutionNode = FALSE
	EndGlobalSection
EndGlobal
